// !$*UTF8*$!
{
	archiveVersion = 1;
	classes = {
	};
	objectVersion = 50;
	objects = {

/* Begin PBXBuildFile section */
		0632A195221F91EF00F70897 /* AppDelegate.swift in Sources */ = {isa = PBXBuildFile; fileRef = 0632A194221F91EF00F70897 /* AppDelegate.swift */; };
		0632A19A221F91EF00F70897 /* Main.storyboard in Resources */ = {isa = PBXBuildFile; fileRef = 0632A198221F91EF00F70897 /* Main.storyboard */; };
		0632A19C221F91F200F70897 /* Assets.xcassets in Resources */ = {isa = PBXBuildFile; fileRef = 0632A19B221F91F200F70897 /* Assets.xcassets */; };
		0632A19F221F91F200F70897 /* LaunchScreen.storyboard in Resources */ = {isa = PBXBuildFile; fileRef = 0632A19D221F91F200F70897 /* LaunchScreen.storyboard */; };
		0632A1AA221F91F200F70897 /* reddit_viewerTests.swift in Sources */ = {isa = PBXBuildFile; fileRef = 0632A1A9221F91F200F70897 /* reddit_viewerTests.swift */; };
		0632A1B5221F91F200F70897 /* reddit_viewerUITests.swift in Sources */ = {isa = PBXBuildFile; fileRef = 0632A1B4221F91F200F70897 /* reddit_viewerUITests.swift */; };
		0632A1C3221F94A000F70897 /* MainTableViewController.swift in Sources */ = {isa = PBXBuildFile; fileRef = 0632A1C2221F94A000F70897 /* MainTableViewController.swift */; };
		0632A1C5221F99A400F70897 /* RedditWebViewController.swift in Sources */ = {isa = PBXBuildFile; fileRef = 0632A1C4221F99A400F70897 /* RedditWebViewController.swift */; };
		0632A1CB221FB8F400F70897 /* RedditDataFetcher.swift in Sources */ = {isa = PBXBuildFile; fileRef = 0632A1CA221FB8F400F70897 /* RedditDataFetcher.swift */; };
		0632A1CD2221C60B00F70897 /* RedditDataModel.swift in Sources */ = {isa = PBXBuildFile; fileRef = 0632A1CC2221C60B00F70897 /* RedditDataModel.swift */; };
		381FCD7F5DE1EED05C44F788 /* Pods_reddit_viewer.framework in Frameworks */ = {isa = PBXBuildFile; fileRef = 8E54E40B562F6EE1C2F8A8E9 /* Pods_reddit_viewer.framework */; };
		67B137224FE83683B8B49FEB /* Pods_reddit_viewerTests.framework in Frameworks */ = {isa = PBXBuildFile; fileRef = C1E25A49F3915BDE78639EBC /* Pods_reddit_viewerTests.framework */; };
		F260A9FFD560664D089ABC92 /* Pods_reddit_viewerUITests.framework in Frameworks */ = {isa = PBXBuildFile; fileRef = 28699CB2EB6DF10C7C8B1238 /* Pods_reddit_viewerUITests.framework */; };
/* End PBXBuildFile section */

/* Begin PBXContainerItemProxy section */
		0632A1A6221F91F200F70897 /* PBXContainerItemProxy */ = {
			isa = PBXContainerItemProxy;
			containerPortal = 0632A189221F91EF00F70897 /* Project object */;
			proxyType = 1;
			remoteGlobalIDString = 0632A190221F91EF00F70897;
			remoteInfo = "reddit-viewer";
		};
		0632A1B1221F91F200F70897 /* PBXContainerItemProxy */ = {
			isa = PBXContainerItemProxy;
			containerPortal = 0632A189221F91EF00F70897 /* Project object */;
			proxyType = 1;
			remoteGlobalIDString = 0632A190221F91EF00F70897;
			remoteInfo = "reddit-viewer";
		};
/* End PBXContainerItemProxy section */

/* Begin PBXFileReference section */
		0632A191221F91EF00F70897 /* reddit-viewer.app */ = {isa = PBXFileReference; explicitFileType = wrapper.application; includeInIndex = 0; path = "reddit-viewer.app"; sourceTree = BUILT_PRODUCTS_DIR; };
		0632A194221F91EF00F70897 /* AppDelegate.swift */ = {isa = PBXFileReference; lastKnownFileType = sourcecode.swift; path = AppDelegate.swift; sourceTree = "<group>"; };
		0632A199221F91EF00F70897 /* Base */ = {isa = PBXFileReference; lastKnownFileType = file.storyboard; name = Base; path = Base.lproj/Main.storyboard; sourceTree = "<group>"; };
		0632A19B221F91F200F70897 /* Assets.xcassets */ = {isa = PBXFileReference; lastKnownFileType = folder.assetcatalog; path = Assets.xcassets; sourceTree = "<group>"; };
		0632A19E221F91F200F70897 /* Base */ = {isa = PBXFileReference; lastKnownFileType = file.storyboard; name = Base; path = Base.lproj/LaunchScreen.storyboard; sourceTree = "<group>"; };
		0632A1A0221F91F200F70897 /* Info.plist */ = {isa = PBXFileReference; lastKnownFileType = text.plist.xml; path = Info.plist; sourceTree = "<group>"; };
		0632A1A5221F91F200F70897 /* reddit-viewerTests.xctest */ = {isa = PBXFileReference; explicitFileType = wrapper.cfbundle; includeInIndex = 0; path = "reddit-viewerTests.xctest"; sourceTree = BUILT_PRODUCTS_DIR; };
		0632A1A9221F91F200F70897 /* reddit_viewerTests.swift */ = {isa = PBXFileReference; lastKnownFileType = sourcecode.swift; path = reddit_viewerTests.swift; sourceTree = "<group>"; };
		0632A1AB221F91F200F70897 /* Info.plist */ = {isa = PBXFileReference; lastKnownFileType = text.plist.xml; path = Info.plist; sourceTree = "<group>"; };
		0632A1B0221F91F200F70897 /* reddit-viewerUITests.xctest */ = {isa = PBXFileReference; explicitFileType = wrapper.cfbundle; includeInIndex = 0; path = "reddit-viewerUITests.xctest"; sourceTree = BUILT_PRODUCTS_DIR; };
		0632A1B4221F91F200F70897 /* reddit_viewerUITests.swift */ = {isa = PBXFileReference; lastKnownFileType = sourcecode.swift; path = reddit_viewerUITests.swift; sourceTree = "<group>"; };
		0632A1B6221F91F200F70897 /* Info.plist */ = {isa = PBXFileReference; lastKnownFileType = text.plist.xml; path = Info.plist; sourceTree = "<group>"; };
		0632A1C2221F94A000F70897 /* MainTableViewController.swift */ = {isa = PBXFileReference; lastKnownFileType = sourcecode.swift; path = MainTableViewController.swift; sourceTree = "<group>"; };
		0632A1C4221F99A400F70897 /* RedditWebViewController.swift */ = {isa = PBXFileReference; lastKnownFileType = sourcecode.swift; path = RedditWebViewController.swift; sourceTree = "<group>"; };
		0632A1CA221FB8F400F70897 /* RedditDataFetcher.swift */ = {isa = PBXFileReference; lastKnownFileType = sourcecode.swift; path = RedditDataFetcher.swift; sourceTree = "<group>"; };
		0632A1CC2221C60B00F70897 /* RedditDataModel.swift */ = {isa = PBXFileReference; lastKnownFileType = sourcecode.swift; path = RedditDataModel.swift; sourceTree = "<group>"; };
		19519E572E0BA36A734A317F /* Pods-reddit-viewerUITests.release.xcconfig */ = {isa = PBXFileReference; includeInIndex = 1; lastKnownFileType = text.xcconfig; name = "Pods-reddit-viewerUITests.release.xcconfig"; path = "Pods/Target Support Files/Pods-reddit-viewerUITests/Pods-reddit-viewerUITests.release.xcconfig"; sourceTree = "<group>"; };
		1CCFCC8CEF4CDA750AE98D9A /* Pods-reddit-viewerUITests.debug.xcconfig */ = {isa = PBXFileReference; includeInIndex = 1; lastKnownFileType = text.xcconfig; name = "Pods-reddit-viewerUITests.debug.xcconfig"; path = "Pods/Target Support Files/Pods-reddit-viewerUITests/Pods-reddit-viewerUITests.debug.xcconfig"; sourceTree = "<group>"; };
		28699CB2EB6DF10C7C8B1238 /* Pods_reddit_viewerUITests.framework */ = {isa = PBXFileReference; explicitFileType = wrapper.framework; includeInIndex = 0; path = Pods_reddit_viewerUITests.framework; sourceTree = BUILT_PRODUCTS_DIR; };
		2FA07C5332CB15830F39B75A /* Pods-reddit-viewer.release.xcconfig */ = {isa = PBXFileReference; includeInIndex = 1; lastKnownFileType = text.xcconfig; name = "Pods-reddit-viewer.release.xcconfig"; path = "Pods/Target Support Files/Pods-reddit-viewer/Pods-reddit-viewer.release.xcconfig"; sourceTree = "<group>"; };
		803412E0E8CCA1ACC67AFB30 /* Pods-reddit-viewerTests.debug.xcconfig */ = {isa = PBXFileReference; includeInIndex = 1; lastKnownFileType = text.xcconfig; name = "Pods-reddit-viewerTests.debug.xcconfig"; path = "Pods/Target Support Files/Pods-reddit-viewerTests/Pods-reddit-viewerTests.debug.xcconfig"; sourceTree = "<group>"; };
		87DEE991218848EE08A2DED3 /* Pods-reddit-viewerTests.release.xcconfig */ = {isa = PBXFileReference; includeInIndex = 1; lastKnownFileType = text.xcconfig; name = "Pods-reddit-viewerTests.release.xcconfig"; path = "Pods/Target Support Files/Pods-reddit-viewerTests/Pods-reddit-viewerTests.release.xcconfig"; sourceTree = "<group>"; };
		8E54E40B562F6EE1C2F8A8E9 /* Pods_reddit_viewer.framework */ = {isa = PBXFileReference; explicitFileType = wrapper.framework; includeInIndex = 0; path = Pods_reddit_viewer.framework; sourceTree = BUILT_PRODUCTS_DIR; };
		C1E25A49F3915BDE78639EBC /* Pods_reddit_viewerTests.framework */ = {isa = PBXFileReference; explicitFileType = wrapper.framework; includeInIndex = 0; path = Pods_reddit_viewerTests.framework; sourceTree = BUILT_PRODUCTS_DIR; };
		CE7092A027ED1B03C335EA56 /* Pods-reddit-viewer.debug.xcconfig */ = {isa = PBXFileReference; includeInIndex = 1; lastKnownFileType = text.xcconfig; name = "Pods-reddit-viewer.debug.xcconfig"; path = "Pods/Target Support Files/Pods-reddit-viewer/Pods-reddit-viewer.debug.xcconfig"; sourceTree = "<group>"; };
/* End PBXFileReference section */

/* Begin PBXFrameworksBuildPhase section */
		0632A18E221F91EF00F70897 /* Frameworks */ = {
			isa = PBXFrameworksBuildPhase;
			buildActionMask = 2147483647;
			files = (
				381FCD7F5DE1EED05C44F788 /* Pods_reddit_viewer.framework in Frameworks */,
			);
			runOnlyForDeploymentPostprocessing = 0;
		};
		0632A1A2221F91F200F70897 /* Frameworks */ = {
			isa = PBXFrameworksBuildPhase;
			buildActionMask = 2147483647;
			files = (
				67B137224FE83683B8B49FEB /* Pods_reddit_viewerTests.framework in Frameworks */,
			);
			runOnlyForDeploymentPostprocessing = 0;
		};
		0632A1AD221F91F200F70897 /* Frameworks */ = {
			isa = PBXFrameworksBuildPhase;
			buildActionMask = 2147483647;
			files = (
				F260A9FFD560664D089ABC92 /* Pods_reddit_viewerUITests.framework in Frameworks */,
			);
			runOnlyForDeploymentPostprocessing = 0;
		};
/* End PBXFrameworksBuildPhase section */

/* Begin PBXGroup section */
		0632A188221F91EF00F70897 = {
			isa = PBXGroup;
			children = (
				0632A193221F91EF00F70897 /* reddit-viewer */,
				0632A1A8221F91F200F70897 /* reddit-viewerTests */,
				0632A1B3221F91F200F70897 /* reddit-viewerUITests */,
				0632A192221F91EF00F70897 /* Products */,
				CD067E5C732330BC4C3FCD78 /* Pods */,
				DBCF06ECA7AC38747E9BAA0C /* Frameworks */,
			);
			sourceTree = "<group>";
		};
		0632A192221F91EF00F70897 /* Products */ = {
			isa = PBXGroup;
			children = (
				0632A191221F91EF00F70897 /* reddit-viewer.app */,
				0632A1A5221F91F200F70897 /* reddit-viewerTests.xctest */,
				0632A1B0221F91F200F70897 /* reddit-viewerUITests.xctest */,
			);
			name = Products;
			sourceTree = "<group>";
		};
		0632A193221F91EF00F70897 /* reddit-viewer */ = {
			isa = PBXGroup;
			children = (
				0632A1C2221F94A000F70897 /* MainTableViewController.swift */,
				0632A1C4221F99A400F70897 /* RedditWebViewController.swift */,
				0632A194221F91EF00F70897 /* AppDelegate.swift */,
				0632A198221F91EF00F70897 /* Main.storyboard */,
				0632A19B221F91F200F70897 /* Assets.xcassets */,
				0632A19D221F91F200F70897 /* LaunchScreen.storyboard */,
				0632A1A0221F91F200F70897 /* Info.plist */,
				0632A1CA221FB8F400F70897 /* RedditDataFetcher.swift */,
				0632A1CC2221C60B00F70897 /* RedditDataModel.swift */,
			);
			path = "reddit-viewer";
			sourceTree = "<group>";
		};
		0632A1A8221F91F200F70897 /* reddit-viewerTests */ = {
			isa = PBXGroup;
			children = (
				0632A1A9221F91F200F70897 /* reddit_viewerTests.swift */,
				0632A1AB221F91F200F70897 /* Info.plist */,
			);
			path = "reddit-viewerTests";
			sourceTree = "<group>";
		};
		0632A1B3221F91F200F70897 /* reddit-viewerUITests */ = {
			isa = PBXGroup;
			children = (
				0632A1B4221F91F200F70897 /* reddit_viewerUITests.swift */,
				0632A1B6221F91F200F70897 /* Info.plist */,
			);
			path = "reddit-viewerUITests";
			sourceTree = "<group>";
		};
		CD067E5C732330BC4C3FCD78 /* Pods */ = {
			isa = PBXGroup;
			children = (
				CE7092A027ED1B03C335EA56 /* Pods-reddit-viewer.debug.xcconfig */,
				2FA07C5332CB15830F39B75A /* Pods-reddit-viewer.release.xcconfig */,
				803412E0E8CCA1ACC67AFB30 /* Pods-reddit-viewerTests.debug.xcconfig */,
				87DEE991218848EE08A2DED3 /* Pods-reddit-viewerTests.release.xcconfig */,
				1CCFCC8CEF4CDA750AE98D9A /* Pods-reddit-viewerUITests.debug.xcconfig */,
				19519E572E0BA36A734A317F /* Pods-reddit-viewerUITests.release.xcconfig */,
			);
			name = Pods;
			sourceTree = "<group>";
		};
		DBCF06ECA7AC38747E9BAA0C /* Frameworks */ = {
			isa = PBXGroup;
			children = (
				8E54E40B562F6EE1C2F8A8E9 /* Pods_reddit_viewer.framework */,
				C1E25A49F3915BDE78639EBC /* Pods_reddit_viewerTests.framework */,
				28699CB2EB6DF10C7C8B1238 /* Pods_reddit_viewerUITests.framework */,
			);
			name = Frameworks;
			sourceTree = "<group>";
		};
/* End PBXGroup section */

/* Begin PBXNativeTarget section */
		0632A190221F91EF00F70897 /* reddit-viewer */ = {
			isa = PBXNativeTarget;
			buildConfigurationList = 0632A1B9221F91F200F70897 /* Build configuration list for PBXNativeTarget "reddit-viewer" */;
			buildPhases = (
				EDB5F6F54E961D776FFBE6F0 /* [CP] Check Pods Manifest.lock */,
				0632A18D221F91EF00F70897 /* Sources */,
				0632A18E221F91EF00F70897 /* Frameworks */,
				0632A18F221F91EF00F70897 /* Resources */,
				16000185F5D7D2699032E37F /* [CP] Embed Pods Frameworks */,
			);
			buildRules = (
			);
			dependencies = (
			);
			name = "reddit-viewer";
			productName = "reddit-viewer";
			productReference = 0632A191221F91EF00F70897 /* reddit-viewer.app */;
			productType = "com.apple.product-type.application";
		};
		0632A1A4221F91F200F70897 /* reddit-viewerTests */ = {
			isa = PBXNativeTarget;
			buildConfigurationList = 0632A1BC221F91F200F70897 /* Build configuration list for PBXNativeTarget "reddit-viewerTests" */;
			buildPhases = (
				77C3AD4CF2FA04F9433F1501 /* [CP] Check Pods Manifest.lock */,
				0632A1A1221F91F200F70897 /* Sources */,
				0632A1A2221F91F200F70897 /* Frameworks */,
				0632A1A3221F91F200F70897 /* Resources */,
				C3A1E2650EE219BD57016C79 /* [CP] Embed Pods Frameworks */,
			);
			buildRules = (
			);
			dependencies = (
				0632A1A7221F91F200F70897 /* PBXTargetDependency */,
			);
			name = "reddit-viewerTests";
			productName = "reddit-viewerTests";
			productReference = 0632A1A5221F91F200F70897 /* reddit-viewerTests.xctest */;
			productType = "com.apple.product-type.bundle.unit-test";
		};
		0632A1AF221F91F200F70897 /* reddit-viewerUITests */ = {
			isa = PBXNativeTarget;
			buildConfigurationList = 0632A1BF221F91F200F70897 /* Build configuration list for PBXNativeTarget "reddit-viewerUITests" */;
			buildPhases = (
				3FC52FCD5FD3F96C4BAD517D /* [CP] Check Pods Manifest.lock */,
				0632A1AC221F91F200F70897 /* Sources */,
				0632A1AD221F91F200F70897 /* Frameworks */,
				0632A1AE221F91F200F70897 /* Resources */,
			);
			buildRules = (
			);
			dependencies = (
				0632A1B2221F91F200F70897 /* PBXTargetDependency */,
			);
			name = "reddit-viewerUITests";
			productName = "reddit-viewerUITests";
			productReference = 0632A1B0221F91F200F70897 /* reddit-viewerUITests.xctest */;
			productType = "com.apple.product-type.bundle.ui-testing";
		};
/* End PBXNativeTarget section */

/* Begin PBXProject section */
		0632A189221F91EF00F70897 /* Project object */ = {
			isa = PBXProject;
			attributes = {
				LastSwiftUpdateCheck = 1010;
				LastUpgradeCheck = 1010;
				ORGANIZATIONNAME = "Steven Luplow";
				TargetAttributes = {
					0632A190221F91EF00F70897 = {
						CreatedOnToolsVersion = 10.1;
					};
					0632A1A4221F91F200F70897 = {
						CreatedOnToolsVersion = 10.1;
						TestTargetID = 0632A190221F91EF00F70897;
					};
					0632A1AF221F91F200F70897 = {
						CreatedOnToolsVersion = 10.1;
						TestTargetID = 0632A190221F91EF00F70897;
					};
				};
			};
			buildConfigurationList = 0632A18C221F91EF00F70897 /* Build configuration list for PBXProject "reddit-viewer" */;
			compatibilityVersion = "Xcode 9.3";
			developmentRegion = en;
			hasScannedForEncodings = 0;
			knownRegions = (
				en,
				Base,
			);
			mainGroup = 0632A188221F91EF00F70897;
			productRefGroup = 0632A192221F91EF00F70897 /* Products */;
			projectDirPath = "";
			projectRoot = "";
			targets = (
				0632A190221F91EF00F70897 /* reddit-viewer */,
				0632A1A4221F91F200F70897 /* reddit-viewerTests */,
				0632A1AF221F91F200F70897 /* reddit-viewerUITests */,
			);
		};
/* End PBXProject section */

/* Begin PBXResourcesBuildPhase section */
		0632A18F221F91EF00F70897 /* Resources */ = {
			isa = PBXResourcesBuildPhase;
			buildActionMask = 2147483647;
			files = (
				0632A19F221F91F200F70897 /* LaunchScreen.storyboard in Resources */,
				0632A19C221F91F200F70897 /* Assets.xcassets in Resources */,
				0632A19A221F91EF00F70897 /* Main.storyboard in Resources */,
			);
			runOnlyForDeploymentPostprocessing = 0;
		};
		0632A1A3221F91F200F70897 /* Resources */ = {
			isa = PBXResourcesBuildPhase;
			buildActionMask = 2147483647;
			files = (
			);
			runOnlyForDeploymentPostprocessing = 0;
		};
		0632A1AE221F91F200F70897 /* Resources */ = {
			isa = PBXResourcesBuildPhase;
			buildActionMask = 2147483647;
			files = (
			);
			runOnlyForDeploymentPostprocessing = 0;
		};
/* End PBXResourcesBuildPhase section */

/* Begin PBXShellScriptBuildPhase section */
		16000185F5D7D2699032E37F /* [CP] Embed Pods Frameworks */ = {
			isa = PBXShellScriptBuildPhase;
			buildActionMask = 2147483647;
			files = (
			);
			inputFileListPaths = (
			);
			inputPaths = (
				"${SRCROOT}/Pods/Target Support Files/Pods-reddit-viewer/Pods-reddit-viewer-frameworks.sh",
				"${BUILT_PRODUCTS_DIR}/RxAtomic/RxAtomic.framework",
				"${BUILT_PRODUCTS_DIR}/RxCocoa/RxCocoa.framework",
				"${BUILT_PRODUCTS_DIR}/RxSwift/RxSwift.framework",
			);
			name = "[CP] Embed Pods Frameworks";
			outputFileListPaths = (
			);
			outputPaths = (
				"${TARGET_BUILD_DIR}/${FRAMEWORKS_FOLDER_PATH}/RxAtomic.framework",
				"${TARGET_BUILD_DIR}/${FRAMEWORKS_FOLDER_PATH}/RxCocoa.framework",
				"${TARGET_BUILD_DIR}/${FRAMEWORKS_FOLDER_PATH}/RxSwift.framework",
			);
			runOnlyForDeploymentPostprocessing = 0;
			shellPath = /bin/sh;
			shellScript = "\"${SRCROOT}/Pods/Target Support Files/Pods-reddit-viewer/Pods-reddit-viewer-frameworks.sh\"\n";
			showEnvVarsInLog = 0;
		};
		3FC52FCD5FD3F96C4BAD517D /* [CP] Check Pods Manifest.lock */ = {
			isa = PBXShellScriptBuildPhase;
			buildActionMask = 2147483647;
			files = (
			);
			inputFileListPaths = (
			);
			inputPaths = (
				"${PODS_PODFILE_DIR_PATH}/Podfile.lock",
				"${PODS_ROOT}/Manifest.lock",
			);
			name = "[CP] Check Pods Manifest.lock";
			outputFileListPaths = (
			);
			outputPaths = (
				"$(DERIVED_FILE_DIR)/Pods-reddit-viewerUITests-checkManifestLockResult.txt",
			);
			runOnlyForDeploymentPostprocessing = 0;
			shellPath = /bin/sh;
			shellScript = "diff \"${PODS_PODFILE_DIR_PATH}/Podfile.lock\" \"${PODS_ROOT}/Manifest.lock\" > /dev/null\nif [ $? != 0 ] ; then\n    # print error to STDERR\n    echo \"error: The sandbox is not in sync with the Podfile.lock. Run 'pod install' or update your CocoaPods installation.\" >&2\n    exit 1\nfi\n# This output is used by Xcode 'outputs' to avoid re-running this script phase.\necho \"SUCCESS\" > \"${SCRIPT_OUTPUT_FILE_0}\"\n";
			showEnvVarsInLog = 0;
		};
		77C3AD4CF2FA04F9433F1501 /* [CP] Check Pods Manifest.lock */ = {
			isa = PBXShellScriptBuildPhase;
			buildActionMask = 2147483647;
			files = (
			);
			inputFileListPaths = (
			);
			inputPaths = (
				"${PODS_PODFILE_DIR_PATH}/Podfile.lock",
				"${PODS_ROOT}/Manifest.lock",
			);
			name = "[CP] Check Pods Manifest.lock";
			outputFileListPaths = (
			);
			outputPaths = (
				"$(DERIVED_FILE_DIR)/Pods-reddit-viewerTests-checkManifestLockResult.txt",
			);
			runOnlyForDeploymentPostprocessing = 0;
			shellPath = /bin/sh;
			shellScript = "diff \"${PODS_PODFILE_DIR_PATH}/Podfile.lock\" \"${PODS_ROOT}/Manifest.lock\" > /dev/null\nif [ $? != 0 ] ; then\n    # print error to STDERR\n    echo \"error: The sandbox is not in sync with the Podfile.lock. Run 'pod install' or update your CocoaPods installation.\" >&2\n    exit 1\nfi\n# This output is used by Xcode 'outputs' to avoid re-running this script phase.\necho \"SUCCESS\" > \"${SCRIPT_OUTPUT_FILE_0}\"\n";
			showEnvVarsInLog = 0;
		};
		C3A1E2650EE219BD57016C79 /* [CP] Embed Pods Frameworks */ = {
			isa = PBXShellScriptBuildPhase;
			buildActionMask = 2147483647;
			files = (
			);
			inputFileListPaths = (
			);
			inputPaths = (
				"${SRCROOT}/Pods/Target Support Files/Pods-reddit-viewerTests/Pods-reddit-viewerTests-frameworks.sh",
				"${BUILT_PRODUCTS_DIR}/RxAtomic/RxAtomic.framework",
				"${BUILT_PRODUCTS_DIR}/RxSwift/RxSwift.framework",
				"${BUILT_PRODUCTS_DIR}/RxBlocking/RxBlocking.framework",
				"${BUILT_PRODUCTS_DIR}/RxTest/RxTest.framework",
			);
			name = "[CP] Embed Pods Frameworks";
			outputFileListPaths = (
			);
			outputPaths = (
				"${TARGET_BUILD_DIR}/${FRAMEWORKS_FOLDER_PATH}/RxAtomic.framework",
				"${TARGET_BUILD_DIR}/${FRAMEWORKS_FOLDER_PATH}/RxSwift.framework",
				"${TARGET_BUILD_DIR}/${FRAMEWORKS_FOLDER_PATH}/RxBlocking.framework",
				"${TARGET_BUILD_DIR}/${FRAMEWORKS_FOLDER_PATH}/RxTest.framework",
			);
			runOnlyForDeploymentPostprocessing = 0;
			shellPath = /bin/sh;
			shellScript = "\"${SRCROOT}/Pods/Target Support Files/Pods-reddit-viewerTests/Pods-reddit-viewerTests-frameworks.sh\"\n";
			showEnvVarsInLog = 0;
		};
		EDB5F6F54E961D776FFBE6F0 /* [CP] Check Pods Manifest.lock */ = {
			isa = PBXShellScriptBuildPhase;
			buildActionMask = 2147483647;
			files = (
			);
			inputFileListPaths = (
			);
			inputPaths = (
				"${PODS_PODFILE_DIR_PATH}/Podfile.lock",
				"${PODS_ROOT}/Manifest.lock",
			);
			name = "[CP] Check Pods Manifest.lock";
			outputFileListPaths = (
			);
			outputPaths = (
				"$(DERIVED_FILE_DIR)/Pods-reddit-viewer-checkManifestLockResult.txt",
			);
			runOnlyForDeploymentPostprocessing = 0;
			shellPath = /bin/sh;
			shellScript = "diff \"${PODS_PODFILE_DIR_PATH}/Podfile.lock\" \"${PODS_ROOT}/Manifest.lock\" > /dev/null\nif [ $? != 0 ] ; then\n    # print error to STDERR\n    echo \"error: The sandbox is not in sync with the Podfile.lock. Run 'pod install' or update your CocoaPods installation.\" >&2\n    exit 1\nfi\n# This output is used by Xcode 'outputs' to avoid re-running this script phase.\necho \"SUCCESS\" > \"${SCRIPT_OUTPUT_FILE_0}\"\n";
			showEnvVarsInLog = 0;
		};
/* End PBXShellScriptBuildPhase section */

/* Begin PBXSourcesBuildPhase section */
		0632A18D221F91EF00F70897 /* Sources */ = {
			isa = PBXSourcesBuildPhase;
			buildActionMask = 2147483647;
			files = (
				0632A1CB221FB8F400F70897 /* RedditDataFetcher.swift in Sources */,
				0632A1CD2221C60B00F70897 /* RedditDataModel.swift in Sources */,
				0632A1C3221F94A000F70897 /* MainTableViewController.swift in Sources */,
				0632A195221F91EF00F70897 /* AppDelegate.swift in Sources */,
				0632A1C5221F99A400F70897 /* RedditWebViewController.swift in Sources */,
			);
			runOnlyForDeploymentPostprocessing = 0;
		};
		0632A1A1221F91F200F70897 /* Sources */ = {
			isa = PBXSourcesBuildPhase;
			buildActionMask = 2147483647;
			files = (
				0632A1AA221F91F200F70897 /* reddit_viewerTests.swift in Sources */,
			);
			runOnlyForDeploymentPostprocessing = 0;
		};
		0632A1AC221F91F200F70897 /* Sources */ = {
			isa = PBXSourcesBuildPhase;
			buildActionMask = 2147483647;
			files = (
				0632A1B5221F91F200F70897 /* reddit_viewerUITests.swift in Sources */,
			);
			runOnlyForDeploymentPostprocessing = 0;
		};
/* End PBXSourcesBuildPhase section */

/* Begin PBXTargetDependency section */
		0632A1A7221F91F200F70897 /* PBXTargetDependency */ = {
			isa = PBXTargetDependency;
			target = 0632A190221F91EF00F70897 /* reddit-viewer */;
			targetProxy = 0632A1A6221F91F200F70897 /* PBXContainerItemProxy */;
		};
		0632A1B2221F91F200F70897 /* PBXTargetDependency */ = {
			isa = PBXTargetDependency;
			target = 0632A190221F91EF00F70897 /* reddit-viewer */;
			targetProxy = 0632A1B1221F91F200F70897 /* PBXContainerItemProxy */;
		};
/* End PBXTargetDependency section */

/* Begin PBXVariantGroup section */
		0632A198221F91EF00F70897 /* Main.storyboard */ = {
			isa = PBXVariantGroup;
			children = (
				0632A199221F91EF00F70897 /* Base */,
			);
			name = Main.storyboard;
			sourceTree = "<group>";
		};
		0632A19D221F91F200F70897 /* LaunchScreen.storyboard */ = {
			isa = PBXVariantGroup;
			children = (
				0632A19E221F91F200F70897 /* Base */,
			);
			name = LaunchScreen.storyboard;
			sourceTree = "<group>";
		};
/* End PBXVariantGroup section */

/* Begin XCBuildConfiguration section */
		0632A1B7221F91F200F70897 /* Debug */ = {
			isa = XCBuildConfiguration;
			buildSettings = {
				ALWAYS_SEARCH_USER_PATHS = NO;
				CLANG_ANALYZER_NONNULL = YES;
				CLANG_ANALYZER_NUMBER_OBJECT_CONVERSION = YES_AGGRESSIVE;
				CLANG_CXX_LANGUAGE_STANDARD = "gnu++14";
				CLANG_CXX_LIBRARY = "libc++";
				CLANG_ENABLE_MODULES = YES;
				CLANG_ENABLE_OBJC_ARC = YES;
				CLANG_ENABLE_OBJC_WEAK = YES;
				CLANG_WARN_BLOCK_CAPTURE_AUTORELEASING = YES;
				CLANG_WARN_BOOL_CONVERSION = YES;
				CLANG_WARN_COMMA = YES;
				CLANG_WARN_CONSTANT_CONVERSION = YES;
				CLANG_WARN_DEPRECATED_OBJC_IMPLEMENTATIONS = YES;
				CLANG_WARN_DIRECT_OBJC_ISA_USAGE = YES_ERROR;
				CLANG_WARN_DOCUMENTATION_COMMENTS = YES;
				CLANG_WARN_EMPTY_BODY = YES;
				CLANG_WARN_ENUM_CONVERSION = YES;
				CLANG_WARN_INFINITE_RECURSION = YES;
				CLANG_WARN_INT_CONVERSION = YES;
				CLANG_WARN_NON_LITERAL_NULL_CONVERSION = YES;
				CLANG_WARN_OBJC_IMPLICIT_RETAIN_SELF = YES;
				CLANG_WARN_OBJC_LITERAL_CONVERSION = YES;
				CLANG_WARN_OBJC_ROOT_CLASS = YES_ERROR;
				CLANG_WARN_RANGE_LOOP_ANALYSIS = YES;
				CLANG_WARN_STRICT_PROTOTYPES = YES;
				CLANG_WARN_SUSPICIOUS_MOVE = YES;
				CLANG_WARN_UNGUARDED_AVAILABILITY = YES_AGGRESSIVE;
				CLANG_WARN_UNREACHABLE_CODE = YES;
				CLANG_WARN__DUPLICATE_METHOD_MATCH = YES;
				CODE_SIGN_IDENTITY = "iPhone Developer";
				COPY_PHASE_STRIP = NO;
				DEBUG_INFORMATION_FORMAT = dwarf;
				ENABLE_STRICT_OBJC_MSGSEND = YES;
				ENABLE_TESTABILITY = YES;
				GCC_C_LANGUAGE_STANDARD = gnu11;
				GCC_DYNAMIC_NO_PIC = NO;
				GCC_NO_COMMON_BLOCKS = YES;
				GCC_OPTIMIZATION_LEVEL = 0;
				GCC_PREPROCESSOR_DEFINITIONS = (
					"DEBUG=1",
					"$(inherited)",
				);
				GCC_WARN_64_TO_32_BIT_CONVERSION = YES;
				GCC_WARN_ABOUT_RETURN_TYPE = YES_ERROR;
				GCC_WARN_UNDECLARED_SELECTOR = YES;
				GCC_WARN_UNINITIALIZED_AUTOS = YES_AGGRESSIVE;
				GCC_WARN_UNUSED_FUNCTION = YES;
				GCC_WARN_UNUSED_VARIABLE = YES;
				IPHONEOS_DEPLOYMENT_TARGET = 12.1;
				MTL_ENABLE_DEBUG_INFO = INCLUDE_SOURCE;
				MTL_FAST_MATH = YES;
				ONLY_ACTIVE_ARCH = YES;
				SDKROOT = iphoneos;
				SWIFT_ACTIVE_COMPILATION_CONDITIONS = DEBUG;
				SWIFT_OPTIMIZATION_LEVEL = "-Onone";
			};
			name = Debug;
		};
		0632A1B8221F91F200F70897 /* Release */ = {
			isa = XCBuildConfiguration;
			buildSettings = {
				ALWAYS_SEARCH_USER_PATHS = NO;
				CLANG_ANALYZER_NONNULL = YES;
				CLANG_ANALYZER_NUMBER_OBJECT_CONVERSION = YES_AGGRESSIVE;
				CLANG_CXX_LANGUAGE_STANDARD = "gnu++14";
				CLANG_CXX_LIBRARY = "libc++";
				CLANG_ENABLE_MODULES = YES;
				CLANG_ENABLE_OBJC_ARC = YES;
				CLANG_ENABLE_OBJC_WEAK = YES;
				CLANG_WARN_BLOCK_CAPTURE_AUTORELEASING = YES;
				CLANG_WARN_BOOL_CONVERSION = YES;
				CLANG_WARN_COMMA = YES;
				CLANG_WARN_CONSTANT_CONVERSION = YES;
				CLANG_WARN_DEPRECATED_OBJC_IMPLEMENTATIONS = YES;
				CLANG_WARN_DIRECT_OBJC_ISA_USAGE = YES_ERROR;
				CLANG_WARN_DOCUMENTATION_COMMENTS = YES;
				CLANG_WARN_EMPTY_BODY = YES;
				CLANG_WARN_ENUM_CONVERSION = YES;
				CLANG_WARN_INFINITE_RECURSION = YES;
				CLANG_WARN_INT_CONVERSION = YES;
				CLANG_WARN_NON_LITERAL_NULL_CONVERSION = YES;
				CLANG_WARN_OBJC_IMPLICIT_RETAIN_SELF = YES;
				CLANG_WARN_OBJC_LITERAL_CONVERSION = YES;
				CLANG_WARN_OBJC_ROOT_CLASS = YES_ERROR;
				CLANG_WARN_RANGE_LOOP_ANALYSIS = YES;
				CLANG_WARN_STRICT_PROTOTYPES = YES;
				CLANG_WARN_SUSPICIOUS_MOVE = YES;
				CLANG_WARN_UNGUARDED_AVAILABILITY = YES_AGGRESSIVE;
				CLANG_WARN_UNREACHABLE_CODE = YES;
				CLANG_WARN__DUPLICATE_METHOD_MATCH = YES;
				CODE_SIGN_IDENTITY = "iPhone Developer";
				COPY_PHASE_STRIP = NO;
				DEBUG_INFORMATION_FORMAT = "dwarf-with-dsym";
				ENABLE_NS_ASSERTIONS = NO;
				ENABLE_STRICT_OBJC_MSGSEND = YES;
				GCC_C_LANGUAGE_STANDARD = gnu11;
				GCC_NO_COMMON_BLOCKS = YES;
				GCC_WARN_64_TO_32_BIT_CONVERSION = YES;
				GCC_WARN_ABOUT_RETURN_TYPE = YES_ERROR;
				GCC_WARN_UNDECLARED_SELECTOR = YES;
				GCC_WARN_UNINITIALIZED_AUTOS = YES_AGGRESSIVE;
				GCC_WARN_UNUSED_FUNCTION = YES;
				GCC_WARN_UNUSED_VARIABLE = YES;
				IPHONEOS_DEPLOYMENT_TARGET = 12.1;
				MTL_ENABLE_DEBUG_INFO = NO;
				MTL_FAST_MATH = YES;
				SDKROOT = iphoneos;
				SWIFT_COMPILATION_MODE = wholemodule;
				SWIFT_OPTIMIZATION_LEVEL = "-O";
				VALIDATE_PRODUCT = YES;
			};
			name = Release;
		};
		0632A1BA221F91F200F70897 /* Debug */ = {
			isa = XCBuildConfiguration;
			baseConfigurationReference = CE7092A027ED1B03C335EA56 /* Pods-reddit-viewer.debug.xcconfig */;
			buildSettings = {
				ASSETCATALOG_COMPILER_APPICON_NAME = AppIcon;
				CODE_SIGN_STYLE = Automatic;
				INFOPLIST_FILE = "reddit-viewer/Info.plist";
				LD_RUNPATH_SEARCH_PATHS = (
					"$(inherited)",
					"@executable_path/Frameworks",
				);
				PRODUCT_BUNDLE_IDENTIFIER = "com.steven.luplow.reddit-viewer";
				PRODUCT_NAME = "$(TARGET_NAME)";
				SWIFT_VERSION = 4.2;
				TARGETED_DEVICE_FAMILY = "1,2";
			};
			name = Debug;
		};
		0632A1BB221F91F200F70897 /* Release */ = {
			isa = XCBuildConfiguration;
			baseConfigurationReference = 2FA07C5332CB15830F39B75A /* Pods-reddit-viewer.release.xcconfig */;
			buildSettings = {
				ASSETCATALOG_COMPILER_APPICON_NAME = AppIcon;
				CODE_SIGN_STYLE = Automatic;
				INFOPLIST_FILE = "reddit-viewer/Info.plist";
				LD_RUNPATH_SEARCH_PATHS = (
					"$(inherited)",
					"@executable_path/Frameworks",
				);
				PRODUCT_BUNDLE_IDENTIFIER = "com.steven.luplow.reddit-viewer";
				PRODUCT_NAME = "$(TARGET_NAME)";
				SWIFT_VERSION = 4.2;
				TARGETED_DEVICE_FAMILY = "1,2";
			};
			name = Release;
		};
		0632A1BD221F91F200F70897 /* Debug */ = {
			isa = XCBuildConfiguration;
			baseConfigurationReference = 803412E0E8CCA1ACC67AFB30 /* Pods-reddit-viewerTests.debug.xcconfig */;
			buildSettings = {
				ALWAYS_EMBED_SWIFT_STANDARD_LIBRARIES = YES;
				BUNDLE_LOADER = "$(TEST_HOST)";
				CODE_SIGN_STYLE = Automatic;
				INFOPLIST_FILE = "reddit-viewerTests/Info.plist";
				LD_RUNPATH_SEARCH_PATHS = (
					"$(inherited)",
					"@executable_path/Frameworks",
					"@loader_path/Frameworks",
				);
				PRODUCT_BUNDLE_IDENTIFIER = "com.steven.luplow.reddit-viewerTests";
				PRODUCT_NAME = "$(TARGET_NAME)";
				SWIFT_VERSION = 4.2;
				TARGETED_DEVICE_FAMILY = "1,2";
				TEST_HOST = "$(BUILT_PRODUCTS_DIR)/reddit-viewer.app/reddit-viewer";
			};
			name = Debug;
		};
		0632A1BE221F91F200F70897 /* Release */ = {
			isa = XCBuildConfiguration;
			baseConfigurationReference = 87DEE991218848EE08A2DED3 /* Pods-reddit-viewerTests.release.xcconfig */;
			buildSettings = {
				ALWAYS_EMBED_SWIFT_STANDARD_LIBRARIES = YES;
				BUNDLE_LOADER = "$(TEST_HOST)";
				CODE_SIGN_STYLE = Automatic;
				INFOPLIST_FILE = "reddit-viewerTests/Info.plist";
				LD_RUNPATH_SEARCH_PATHS = (
					"$(inherited)",
					"@executable_path/Frameworks",
					"@loader_path/Frameworks",
				);
				PRODUCT_BUNDLE_IDENTIFIER = "com.steven.luplow.reddit-viewerTests";
				PRODUCT_NAME = "$(TARGET_NAME)";
				SWIFT_VERSION = 4.2;
				TARGETED_DEVICE_FAMILY = "1,2";
				TEST_HOST = "$(BUILT_PRODUCTS_DIR)/reddit-viewer.app/reddit-viewer";
			};
			name = Release;
		};
		0632A1C0221F91F200F70897 /* Debug */ = {
			isa = XCBuildConfiguration;
			baseConfigurationReference = 1CCFCC8CEF4CDA750AE98D9A /* Pods-reddit-viewerUITests.debug.xcconfig */;
			buildSettings = {
				ALWAYS_EMBED_SWIFT_STANDARD_LIBRARIES = YES;
				CODE_SIGN_STYLE = Automatic;
				INFOPLIST_FILE = "reddit-viewerUITests/Info.plist";
				LD_RUNPATH_SEARCH_PATHS = (
					"$(inherited)",
					"@executable_path/Frameworks",
					"@loader_path/Frameworks",
				);
				PRODUCT_BUNDLE_IDENTIFIER = "com.steven.luplow.reddit-viewerUITests";
				PRODUCT_NAME = "$(TARGET_NAME)";
				SWIFT_VERSION = 4.2;
				TARGETED_DEVICE_FAMILY = "1,2";
				TEST_TARGET_NAME = "reddit-viewer";
			};
			name = Debug;
		};
		0632A1C1221F91F200F70897 /* Release */ = {
			isa = XCBuildConfiguration;
			baseConfigurationReference = 19519E572E0BA36A734A317F /* Pods-reddit-viewerUITests.release.xcconfig */;
			buildSettings = {
				ALWAYS_EMBED_SWIFT_STANDARD_LIBRARIES = YES;
				CODE_SIGN_STYLE = Automatic;
				INFOPLIST_FILE = "reddit-viewerUITests/Info.plist";
				LD_RUNPATH_SEARCH_PATHS = (
					"$(inherited)",
					"@executable_path/Frameworks",
					"@loader_path/Frameworks",
				);
				PRODUCT_BUNDLE_IDENTIFIER = "com.steven.luplow.reddit-viewerUITests";
				PRODUCT_NAME = "$(TARGET_NAME)";
				SWIFT_VERSION = 4.2;
				TARGETED_DEVICE_FAMILY = "1,2";
				TEST_TARGET_NAME = "reddit-viewer";
			};
			name = Release;
		};
/* End XCBuildConfiguration section */

/* Begin XCConfigurationList section */
		0632A18C221F91EF00F70897 /* Build configuration list for PBXProject "reddit-viewer" */ = {
			isa = XCConfigurationList;
			buildConfigurations = (
				0632A1B7221F91F200F70897 /* Debug */,
				0632A1B8221F91F200F70897 /* Release */,
			);
			defaultConfigurationIsVisible = 0;
			defaultConfigurationName = Release;
		};
		0632A1B9221F91F200F70897 /* Build configuration list for PBXNativeTarget "reddit-viewer" */ = {
			isa = XCConfigurationList;
			buildConfigurations = (
				0632A1BA221F91F200F70897 /* Debug */,
				0632A1BB221F91F200F70897 /* Release */,
			);
			defaultConfigurationIsVisible = 0;
			defaultConfigurationName = Release;
		};
		0632A1BC221F91F200F70897 /* Build configuration list for PBXNativeTarget "reddit-viewerTests" */ = {
			isa = XCConfigurationList;
			buildConfigurations = (
				0632A1BD221F91F200F70897 /* Debug */,
				0632A1BE221F91F200F70897 /* Release */,
			);
			defaultConfigurationIsVisible = 0;
			defaultConfigurationName = Release;
		};
		0632A1BF221F91F200F70897 /* Build configuration list for PBXNativeTarget "reddit-viewerUITests" */ = {
			isa = XCConfigurationList;
			buildConfigurations = (
				0632A1C0221F91F200F70897 /* Debug */,
				0632A1C1221F91F200F70897 /* Release */,
			);
			defaultConfigurationIsVisible = 0;
			defaultConfigurationName = Release;
		};
/* End XCConfigurationList section */
	};
	rootObject = 0632A189221F91EF00F70897 /* Project object */;
}
